
Microsoft Visual Studio Solution File, Format Version 12.00
# Visual Studio Version 17
VisualStudioVersion = 17.7.34202.233
MinimumVisualStudioVersion = 10.0.40219.1
Project("{FAE04EC0-301F-11D3-BF4B-00C04F79EFBC}") = "VVSTestOlx", "VVSTestOlx\VVSTestOlx.csproj", "{5E9A9BEB-DB0D-4CEC-AD88-5BE3D49C85FF}"
EndProject
Global
	GlobalSection(SolutionConfigurationPlatforms) = preSolution
		Debug|Any CPU = Debug|Any CPU
		Release|Any CPU = Release|Any CPU
	EndGlobalSection
	GlobalSection(ProjectConfigurationPlatforms) = postSolution
		{5E9A9BEB-DB0D-4CEC-AD88-5BE3D49C85FF}.Debug|Any CPU.ActiveCfg = Debug|Any CPU
		{5E9A9BEB-DB0D-4CEC-AD88-5BE3D49C85FF}.Debug|Any CPU.Build.0 = Debug|Any CPU
		{5E9A9BEB-DB0D-4CEC-AD88-5BE3D49C85FF}.Release|Any CPU.ActiveCfg = Release|Any CPU
		{5E9A9BEB-DB0D-4CEC-AD88-5BE3D49C85FF}.Release|Any CPU.Build.0 = Release|Any CPU
	EndGlobalSection
	GlobalSection(SolutionProperties) = preSolution
		HideSolutionNode = FALSE
	EndGlobalSection
	GlobalSection(ExtensibilityGlobals) = postSolution
		SolutionGuid = {9BFF8AA5-9465-48B4-8431-AAAD7F7EDEA0}
	EndGlobalSection
EndGlobal
